
Microsoft Visual Studio Solution File, Format Version 12.00
# Visual Studio 14
VisualStudioVersion = 14.0.25420.1
MinimumVisualStudioVersion = 10.0.40219.1
Project("{FAE04EC0-301F-11D3-BF4B-00C04F79EFBC}") = "winSearch", "winSearch\winSearch.csproj", "{F3E7517A-FEB6-4132-BEF7-A5A05238433D}"
EndProject
Project("{FAE04EC0-301F-11D3-BF4B-00C04F79EFBC}") = "Logic", "Logic\Logic.csproj", "{C2657CCD-2874-4423-BC07-A8C99D750051}"
EndProject
Global
	GlobalSection(SolutionConfigurationPlatforms) = preSolution
		Debug|Any CPU = Debug|Any CPU
		Release|Any CPU = Release|Any CPU
	EndGlobalSection
	GlobalSection(ProjectConfigurationPlatforms) = postSolution
		{F3E7517A-FEB6-4132-BEF7-A5A05238433D}.Debug|Any CPU.ActiveCfg = Debug|Any CPU
		{F3E7517A-FEB6-4132-BEF7-A5A05238433D}.Debug|Any CPU.Build.0 = Debug|Any CPU
		{F3E7517A-FEB6-4132-BEF7-A5A05238433D}.Release|Any CPU.ActiveCfg = Release|Any CPU
		{F3E7517A-FEB6-4132-BEF7-A5A05238433D}.Release|Any CPU.Build.0 = Release|Any CPU
		{C2657CCD-2874-4423-BC07-A8C99D750051}.Debug|Any CPU.ActiveCfg = Debug|Any CPU
		{C2657CCD-2874-4423-BC07-A8C99D750051}.Debug|Any CPU.Build.0 = Debug|Any CPU
		{C2657CCD-2874-4423-BC07-A8C99D750051}.Release|Any CPU.ActiveCfg = Release|Any CPU
		{C2657CCD-2874-4423-BC07-A8C99D750051}.Release|Any CPU.Build.0 = Release|Any CPU
	EndGlobalSection
	GlobalSection(SolutionProperties) = preSolution
		HideSolutionNode = FALSE
	EndGlobalSection
EndGlobal
