
Microsoft Visual Studio Solution File, Format Version 12.00
# Visual Studio 14
VisualStudioVersion = 14.0.25420.1
MinimumVisualStudioVersion = 10.0.40219.1
Project("{FAE04EC0-301F-11D3-BF4B-00C04F79EFBC}") = "PLOLogic", "PLOLogic\PLOLogic.csproj", "{02D25F5C-299B-4400-AC16-DFDDF8B75E03}"
EndProject
Project("{FAE04EC0-301F-11D3-BF4B-00C04F79EFBC}") = "PPT", "PPT\PPT.csproj", "{90A06493-F84E-4598-85C7-22C06A61CEB4}"
EndProject
Project("{FAE04EC0-301F-11D3-BF4B-00C04F79EFBC}") = "TestConsole", "TestConsole\TestConsole.csproj", "{7635A1BB-FE7D-46EC-B83A-E701D36402E3}"
EndProject
Global
	GlobalSection(SolutionConfigurationPlatforms) = preSolution
		Debug|Any CPU = Debug|Any CPU
		Release|Any CPU = Release|Any CPU
	EndGlobalSection
	GlobalSection(ProjectConfigurationPlatforms) = postSolution
		{02D25F5C-299B-4400-AC16-DFDDF8B75E03}.Debug|Any CPU.ActiveCfg = Debug|Any CPU
		{02D25F5C-299B-4400-AC16-DFDDF8B75E03}.Debug|Any CPU.Build.0 = Debug|Any CPU
		{02D25F5C-299B-4400-AC16-DFDDF8B75E03}.Release|Any CPU.ActiveCfg = Release|Any CPU
		{02D25F5C-299B-4400-AC16-DFDDF8B75E03}.Release|Any CPU.Build.0 = Release|Any CPU
		{90A06493-F84E-4598-85C7-22C06A61CEB4}.Debug|Any CPU.ActiveCfg = Debug|Any CPU
		{90A06493-F84E-4598-85C7-22C06A61CEB4}.Debug|Any CPU.Build.0 = Debug|Any CPU
		{90A06493-F84E-4598-85C7-22C06A61CEB4}.Release|Any CPU.ActiveCfg = Release|Any CPU
		{90A06493-F84E-4598-85C7-22C06A61CEB4}.Release|Any CPU.Build.0 = Release|Any CPU
		{7635A1BB-FE7D-46EC-B83A-E701D36402E3}.Debug|Any CPU.ActiveCfg = Debug|Any CPU
		{7635A1BB-FE7D-46EC-B83A-E701D36402E3}.Debug|Any CPU.Build.0 = Debug|Any CPU
		{7635A1BB-FE7D-46EC-B83A-E701D36402E3}.Release|Any CPU.ActiveCfg = Release|Any CPU
		{7635A1BB-FE7D-46EC-B83A-E701D36402E3}.Release|Any CPU.Build.0 = Release|Any CPU
	EndGlobalSection
	GlobalSection(SolutionProperties) = preSolution
		HideSolutionNode = FALSE
	EndGlobalSection
EndGlobal
